
Microsoft Visual Studio Solution File, Format Version 12.00
# Visual Studio Version 17
VisualStudioVersion = 17.6.33829.357
MinimumVisualStudioVersion = 10.0.40219.1
Project("{FAE04EC0-301F-11D3-BF4B-00C04F79EFBC}") = "Queuing form", "Queuing form\Queuing form.csproj", "{75875A9B-9B70-46A9-911B-07A5704938E9}"
EndProject
Global
	GlobalSection(SolutionConfigurationPlatforms) = preSolution
		Debug|Any CPU = Debug|Any CPU
		Release|Any CPU = Release|Any CPU
	EndGlobalSection
	GlobalSection(ProjectConfigurationPlatforms) = postSolution
		{75875A9B-9B70-46A9-911B-07A5704938E9}.Debug|Any CPU.ActiveCfg = Debug|Any CPU
		{75875A9B-9B70-46A9-911B-07A5704938E9}.Debug|Any CPU.Build.0 = Debug|Any CPU
		{75875A9B-9B70-46A9-911B-07A5704938E9}.Release|Any CPU.ActiveCfg = Release|Any CPU
		{75875A9B-9B70-46A9-911B-07A5704938E9}.Release|Any CPU.Build.0 = Release|Any CPU
	EndGlobalSection
	GlobalSection(SolutionProperties) = preSolution
		HideSolutionNode = FALSE
	EndGlobalSection
	GlobalSection(ExtensibilityGlobals) = postSolution
		SolutionGuid = {E50780ED-D7B7-4535-A006-43D34696A20A}
	EndGlobalSection
EndGlobal
